
Microsoft Visual Studio Solution File, Format Version 12.00
Project("{FAE04EC0-301F-11D3-BF4B-00C04F79EFBC}") = "FEM.cs", "FEM.cs\FEM.cs.csproj", "{13D81029-77E4-44FA-B9A9-4A82238C7301}"
EndProject
Global
	GlobalSection(SolutionConfigurationPlatforms) = preSolution
		Debug|Any CPU = Debug|Any CPU
		Release|Any CPU = Release|Any CPU
	EndGlobalSection
	GlobalSection(ProjectConfigurationPlatforms) = postSolution
		{13D81029-77E4-44FA-B9A9-4A82238C7301}.Debug|Any CPU.ActiveCfg = Debug|Any CPU
		{13D81029-77E4-44FA-B9A9-4A82238C7301}.Debug|Any CPU.Build.0 = Debug|Any CPU
		{13D81029-77E4-44FA-B9A9-4A82238C7301}.Release|Any CPU.ActiveCfg = Release|Any CPU
		{13D81029-77E4-44FA-B9A9-4A82238C7301}.Release|Any CPU.Build.0 = Release|Any CPU
	EndGlobalSection
EndGlobal
